
Microsoft Visual Studio Solution File, Format Version 12.00
# Visual Studio Version 17
VisualStudioVersion = 17.4.33213.308
MinimumVisualStudioVersion = 10.0.40219.1
Project("{FAE04EC0-301F-11D3-BF4B-00C04F79EFBC}") = "SAMMI_OCR", "SAMMI_OCR\SAMMI_OCR.csproj", "{B9357E55-6B03-403F-BF78-079DC7599FFA}"
EndProject
Global
	GlobalSection(SolutionConfigurationPlatforms) = preSolution
		Debug|Any CPU = Debug|Any CPU
		Release|Any CPU = Release|Any CPU
	EndGlobalSection
	GlobalSection(ProjectConfigurationPlatforms) = postSolution
		{B9357E55-6B03-403F-BF78-079DC7599FFA}.Debug|Any CPU.ActiveCfg = Debug|Any CPU
		{B9357E55-6B03-403F-BF78-079DC7599FFA}.Debug|Any CPU.Build.0 = Debug|Any CPU
		{B9357E55-6B03-403F-BF78-079DC7599FFA}.Release|Any CPU.ActiveCfg = Release|Any CPU
		{B9357E55-6B03-403F-BF78-079DC7599FFA}.Release|Any CPU.Build.0 = Release|Any CPU
	EndGlobalSection
	GlobalSection(SolutionProperties) = preSolution
		HideSolutionNode = FALSE
	EndGlobalSection
	GlobalSection(ExtensibilityGlobals) = postSolution
		SolutionGuid = {6F0FCE19-EE4B-4769-8B0A-74E4494D74EA}
	EndGlobalSection
EndGlobal
